
Microsoft Visual Studio Solution File, Format Version 12.00
# Visual Studio Version 17
VisualStudioVersion = 17.9.34728.123
MinimumVisualStudioVersion = 10.0.40219.1
Project("{FAE04EC0-301F-11D3-BF4B-00C04F79EFBC}") = "ControlVendas", "ControlVendas\ControlVendas.csproj", "{031100D4-2095-4186-AEE3-65D9BFAC8EF3}"
EndProject
Global
	GlobalSection(SolutionConfigurationPlatforms) = preSolution
		Debug|Any CPU = Debug|Any CPU
		Release|Any CPU = Release|Any CPU
	EndGlobalSection
	GlobalSection(ProjectConfigurationPlatforms) = postSolution
		{031100D4-2095-4186-AEE3-65D9BFAC8EF3}.Debug|Any CPU.ActiveCfg = Debug|Any CPU
		{031100D4-2095-4186-AEE3-65D9BFAC8EF3}.Debug|Any CPU.Build.0 = Debug|Any CPU
		{031100D4-2095-4186-AEE3-65D9BFAC8EF3}.Release|Any CPU.ActiveCfg = Release|Any CPU
		{031100D4-2095-4186-AEE3-65D9BFAC8EF3}.Release|Any CPU.Build.0 = Release|Any CPU
	EndGlobalSection
	GlobalSection(SolutionProperties) = preSolution
		HideSolutionNode = FALSE
	EndGlobalSection
	GlobalSection(ExtensibilityGlobals) = postSolution
		SolutionGuid = {61A60126-FC15-4B8E-BEE1-E084C068C509}
	EndGlobalSection
EndGlobal
